// !$*UTF8*$!
{
	archiveVersion = 1;
	classes = {
	};
	objectVersion = 48;
	objects = {

/* Begin PBXBuildFile section */
		EA54AED82035C3750000E1AF /* AppDelegate.swift in Sources */ = {isa = PBXBuildFile; fileRef = EA54AED72035C3750000E1AF /* AppDelegate.swift */; };
		EA54AEDA2035C3750000E1AF /* ViewController.swift in Sources */ = {isa = PBXBuildFile; fileRef = EA54AED92035C3750000E1AF /* ViewController.swift */; };
		EA54AEDD2035C3750000E1AF /* Main.storyboard in Resources */ = {isa = PBXBuildFile; fileRef = EA54AEDB2035C3750000E1AF /* Main.storyboard */; };
		EA54AEE02035C3750000E1AF /* EYST.xcdatamodeld in Sources */ = {isa = PBXBuildFile; fileRef = EA54AEDE2035C3750000E1AF /* EYST.xcdatamodeld */; };
		EA54AEE22035C3750000E1AF /* Assets.xcassets in Resources */ = {isa = PBXBuildFile; fileRef = EA54AEE12035C3750000E1AF /* Assets.xcassets */; };
		EA54AEE52035C3750000E1AF /* LaunchScreen.storyboard in Resources */ = {isa = PBXBuildFile; fileRef = EA54AEE32035C3750000E1AF /* LaunchScreen.storyboard */; };
		EA54AEF02035C3750000E1AF /* EYSTTests.swift in Sources */ = {isa = PBXBuildFile; fileRef = EA54AEEF2035C3750000E1AF /* EYSTTests.swift */; };
		EA54AEFB2035C3750000E1AF /* EYSTUITests.swift in Sources */ = {isa = PBXBuildFile; fileRef = EA54AEFA2035C3750000E1AF /* EYSTUITests.swift */; };
		EA54AF092035CAC30000E1AF /* NotesViewController.swift in Sources */ = {isa = PBXBuildFile; fileRef = EA54AF082035CAC30000E1AF /* NotesViewController.swift */; };
		EA963C94206A5BE3008E1731 /* CalendarViewController.swift in Sources */ = {isa = PBXBuildFile; fileRef = EA963C93206A5BE3008E1731 /* CalendarViewController.swift */; };
		EA963CA3206ADDD9008E1731 /* UserNotes+CoreDataClass.swift in Sources */ = {isa = PBXBuildFile; fileRef = EA963CA1206ADDD9008E1731 /* UserNotes+CoreDataClass.swift */; };
		EA963CA4206ADDD9008E1731 /* UserNotes+CoreDataProperties.swift in Sources */ = {isa = PBXBuildFile; fileRef = EA963CA2206ADDD9008E1731 /* UserNotes+CoreDataProperties.swift */; };
		EA963CA6206ADF2D008E1731 /* ReadNotesViewController.swift in Sources */ = {isa = PBXBuildFile; fileRef = EA963CA5206ADF2D008E1731 /* ReadNotesViewController.swift */; };
		EA963CA8206BB39F008E1731 /* ContactViewController.swift in Sources */ = {isa = PBXBuildFile; fileRef = EA963CA7206BB39F008E1731 /* ContactViewController.swift */; };
		EA963CAF206BB95A008E1731 /* ContactUs+CoreDataClass.swift in Sources */ = {isa = PBXBuildFile; fileRef = EA963CAD206BB95A008E1731 /* ContactUs+CoreDataClass.swift */; };
		EA963CB0206BB95A008E1731 /* ContactUs+CoreDataProperties.swift in Sources */ = {isa = PBXBuildFile; fileRef = EA963CAE206BB95A008E1731 /* ContactUs+CoreDataProperties.swift */; };
/* End PBXBuildFile section */

/* Begin PBXContainerItemProxy section */
		EA54AEEC2035C3750000E1AF /* PBXContainerItemProxy */ = {
			isa = PBXContainerItemProxy;
			containerPortal = EA54AECC2035C3750000E1AF /* Project object */;
			proxyType = 1;
			remoteGlobalIDString = EA54AED32035C3750000E1AF;
			remoteInfo = EYST;
		};
		EA54AEF72035C3750000E1AF /* PBXContainerItemProxy */ = {
			isa = PBXContainerItemProxy;
			containerPortal = EA54AECC2035C3750000E1AF /* Project object */;
			proxyType = 1;
			remoteGlobalIDString = EA54AED32035C3750000E1AF;
			remoteInfo = EYST;
		};
/* End PBXContainerItemProxy section */

/* Begin PBXFileReference section */
		EA54AED42035C3750000E1AF /* EYST.app */ = {isa = PBXFileReference; explicitFileType = wrapper.application; includeInIndex = 0; path = EYST.app; sourceTree = BUILT_PRODUCTS_DIR; };
		EA54AED72035C3750000E1AF /* AppDelegate.swift */ = {isa = PBXFileReference; lastKnownFileType = sourcecode.swift; path = AppDelegate.swift; sourceTree = "<group>"; };
		EA54AED92035C3750000E1AF /* ViewController.swift */ = {isa = PBXFileReference; lastKnownFileType = sourcecode.swift; path = ViewController.swift; sourceTree = "<group>"; };
		EA54AEDC2035C3750000E1AF /* Base */ = {isa = PBXFileReference; lastKnownFileType = file.storyboard; name = Base; path = Base.lproj/Main.storyboard; sourceTree = "<group>"; };
		EA54AEDF2035C3750000E1AF /* EYST.xcdatamodel */ = {isa = PBXFileReference; lastKnownFileType = wrapper.xcdatamodel; path = EYST.xcdatamodel; sourceTree = "<group>"; };
		EA54AEE12035C3750000E1AF /* Assets.xcassets */ = {isa = PBXFileReference; lastKnownFileType = folder.assetcatalog; path = Assets.xcassets; sourceTree = "<group>"; };
		EA54AEE42035C3750000E1AF /* Base */ = {isa = PBXFileReference; lastKnownFileType = file.storyboard; name = Base; path = Base.lproj/LaunchScreen.storyboard; sourceTree = "<group>"; };
		EA54AEE62035C3750000E1AF /* Info.plist */ = {isa = PBXFileReference; lastKnownFileType = text.plist.xml; path = Info.plist; sourceTree = "<group>"; };
		EA54AEEB2035C3750000E1AF /* EYSTTests.xctest */ = {isa = PBXFileReference; explicitFileType = wrapper.cfbundle; includeInIndex = 0; path = EYSTTests.xctest; sourceTree = BUILT_PRODUCTS_DIR; };
		EA54AEEF2035C3750000E1AF /* EYSTTests.swift */ = {isa = PBXFileReference; lastKnownFileType = sourcecode.swift; path = EYSTTests.swift; sourceTree = "<group>"; };
		EA54AEF12035C3750000E1AF /* Info.plist */ = {isa = PBXFileReference; lastKnownFileType = text.plist.xml; path = Info.plist; sourceTree = "<group>"; };
		EA54AEF62035C3750000E1AF /* EYSTUITests.xctest */ = {isa = PBXFileReference; explicitFileType = wrapper.cfbundle; includeInIndex = 0; path = EYSTUITests.xctest; sourceTree = BUILT_PRODUCTS_DIR; };
		EA54AEFA2035C3750000E1AF /* EYSTUITests.swift */ = {isa = PBXFileReference; lastKnownFileType = sourcecode.swift; path = EYSTUITests.swift; sourceTree = "<group>"; };
		EA54AEFC2035C3750000E1AF /* Info.plist */ = {isa = PBXFileReference; lastKnownFileType = text.plist.xml; path = Info.plist; sourceTree = "<group>"; };
		EA54AF082035CAC30000E1AF /* NotesViewController.swift */ = {isa = PBXFileReference; lastKnownFileType = sourcecode.swift; path = NotesViewController.swift; sourceTree = "<group>"; };
		EA963C93206A5BE3008E1731 /* CalendarViewController.swift */ = {isa = PBXFileReference; lastKnownFileType = sourcecode.swift; path = CalendarViewController.swift; sourceTree = "<group>"; };
		EA963CA1206ADDD9008E1731 /* UserNotes+CoreDataClass.swift */ = {isa = PBXFileReference; lastKnownFileType = sourcecode.swift; path = "UserNotes+CoreDataClass.swift"; sourceTree = "<group>"; };
		EA963CA2206ADDD9008E1731 /* UserNotes+CoreDataProperties.swift */ = {isa = PBXFileReference; lastKnownFileType = sourcecode.swift; path = "UserNotes+CoreDataProperties.swift"; sourceTree = "<group>"; };
		EA963CA5206ADF2D008E1731 /* ReadNotesViewController.swift */ = {isa = PBXFileReference; lastKnownFileType = sourcecode.swift; path = ReadNotesViewController.swift; sourceTree = "<group>"; };
		EA963CA7206BB39F008E1731 /* ContactViewController.swift */ = {isa = PBXFileReference; lastKnownFileType = sourcecode.swift; path = ContactViewController.swift; sourceTree = "<group>"; };
		EA963CAD206BB95A008E1731 /* ContactUs+CoreDataClass.swift */ = {isa = PBXFileReference; lastKnownFileType = sourcecode.swift; path = "ContactUs+CoreDataClass.swift"; sourceTree = "<group>"; };
		EA963CAE206BB95A008E1731 /* ContactUs+CoreDataProperties.swift */ = {isa = PBXFileReference; lastKnownFileType = sourcecode.swift; path = "ContactUs+CoreDataProperties.swift"; sourceTree = "<group>"; };
/* End PBXFileReference section */

/* Begin PBXFrameworksBuildPhase section */
		EA54AED12035C3750000E1AF /* Frameworks */ = {
			isa = PBXFrameworksBuildPhase;
			buildActionMask = 2147483647;
			files = (
			);
			runOnlyForDeploymentPostprocessing = 0;
		};
		EA54AEE82035C3750000E1AF /* Frameworks */ = {
			isa = PBXFrameworksBuildPhase;
			buildActionMask = 2147483647;
			files = (
			);
			runOnlyForDeploymentPostprocessing = 0;
		};
		EA54AEF32035C3750000E1AF /* Frameworks */ = {
			isa = PBXFrameworksBuildPhase;
			buildActionMask = 2147483647;
			files = (
			);
			runOnlyForDeploymentPostprocessing = 0;
		};
/* End PBXFrameworksBuildPhase section */

/* Begin PBXGroup section */
		EA54AECB2035C3750000E1AF = {
			isa = PBXGroup;
			children = (
				EA963CAD206BB95A008E1731 /* ContactUs+CoreDataClass.swift */,
				EA963CAE206BB95A008E1731 /* ContactUs+CoreDataProperties.swift */,
				EA963CA1206ADDD9008E1731 /* UserNotes+CoreDataClass.swift */,
				EA963CA2206ADDD9008E1731 /* UserNotes+CoreDataProperties.swift */,
				EA54AED62035C3750000E1AF /* EYST */,
				EA54AEEE2035C3750000E1AF /* EYSTTests */,
				EA54AEF92035C3750000E1AF /* EYSTUITests */,
				EA54AED52035C3750000E1AF /* Products */,
			);
			sourceTree = "<group>";
		};
		EA54AED52035C3750000E1AF /* Products */ = {
			isa = PBXGroup;
			children = (
				EA54AED42035C3750000E1AF /* EYST.app */,
				EA54AEEB2035C3750000E1AF /* EYSTTests.xctest */,
				EA54AEF62035C3750000E1AF /* EYSTUITests.xctest */,
			);
			name = Products;
			sourceTree = "<group>";
		};
		EA54AED62035C3750000E1AF /* EYST */ = {
			isa = PBXGroup;
			children = (
				EA54AED72035C3750000E1AF /* AppDelegate.swift */,
				EA54AED92035C3750000E1AF /* ViewController.swift */,
				EA54AEDB2035C3750000E1AF /* Main.storyboard */,
				EA54AEE12035C3750000E1AF /* Assets.xcassets */,
				EA963CA7206BB39F008E1731 /* ContactViewController.swift */,
				EA54AF082035CAC30000E1AF /* NotesViewController.swift */,
				EA963CA5206ADF2D008E1731 /* ReadNotesViewController.swift */,
				EA54AEE32035C3750000E1AF /* LaunchScreen.storyboard */,
				EA54AEE62035C3750000E1AF /* Info.plist */,
				EA54AEDE2035C3750000E1AF /* EYST.xcdatamodeld */,
				EA963C93206A5BE3008E1731 /* CalendarViewController.swift */,
			);
			path = EYST;
			sourceTree = "<group>";
		};
		EA54AEEE2035C3750000E1AF /* EYSTTests */ = {
			isa = PBXGroup;
			children = (
				EA54AEEF2035C3750000E1AF /* EYSTTests.swift */,
				EA54AEF12035C3750000E1AF /* Info.plist */,
			);
			path = EYSTTests;
			sourceTree = "<group>";
		};
		EA54AEF92035C3750000E1AF /* EYSTUITests */ = {
			isa = PBXGroup;
			children = (
				EA54AEFA2035C3750000E1AF /* EYSTUITests.swift */,
				EA54AEFC2035C3750000E1AF /* Info.plist */,
			);
			path = EYSTUITests;
			sourceTree = "<group>";
		};
/* End PBXGroup section */

/* Begin PBXNativeTarget section */
		EA54AED32035C3750000E1AF /* EYST */ = {
			isa = PBXNativeTarget;
			buildConfigurationList = EA54AEFF2035C3750000E1AF /* Build configuration list for PBXNativeTarget "EYST" */;
			buildPhases = (
				EA54AED02035C3750000E1AF /* Sources */,
				EA54AED12035C3750000E1AF /* Frameworks */,
				EA54AED22035C3750000E1AF /* Resources */,
			);
			buildRules = (
			);
			dependencies = (
			);
			name = EYST;
			productName = EYST;
			productReference = EA54AED42035C3750000E1AF /* EYST.app */;
			productType = "com.apple.product-type.application";
		};
		EA54AEEA2035C3750000E1AF /* EYSTTests */ = {
			isa = PBXNativeTarget;
			buildConfigurationList = EA54AF022035C3750000E1AF /* Build configuration list for PBXNativeTarget "EYSTTests" */;
			buildPhases = (
				EA54AEE72035C3750000E1AF /* Sources */,
				EA54AEE82035C3750000E1AF /* Frameworks */,
				EA54AEE92035C3750000E1AF /* Resources */,
			);
			buildRules = (
			);
			dependencies = (
				EA54AEED2035C3750000E1AF /* PBXTargetDependency */,
			);
			name = EYSTTests;
			productName = EYSTTests;
			productReference = EA54AEEB2035C3750000E1AF /* EYSTTests.xctest */;
			productType = "com.apple.product-type.bundle.unit-test";
		};
		EA54AEF52035C3750000E1AF /* EYSTUITests */ = {
			isa = PBXNativeTarget;
			buildConfigurationList = EA54AF052035C3750000E1AF /* Build configuration list for PBXNativeTarget "EYSTUITests" */;
			buildPhases = (
				EA54AEF22035C3750000E1AF /* Sources */,
				EA54AEF32035C3750000E1AF /* Frameworks */,
				EA54AEF42035C3750000E1AF /* Resources */,
			);
			buildRules = (
			);
			dependencies = (
				EA54AEF82035C3750000E1AF /* PBXTargetDependency */,
			);
			name = EYSTUITests;
			productName = EYSTUITests;
			productReference = EA54AEF62035C3750000E1AF /* EYSTUITests.xctest */;
			productType = "com.apple.product-type.bundle.ui-testing";
		};
/* End PBXNativeTarget section */

/* Begin PBXProject section */
		EA54AECC2035C3750000E1AF /* Project object */ = {
			isa = PBXProject;
			attributes = {
				LastSwiftUpdateCheck = 0910;
				LastUpgradeCheck = 0910;
				ORGANIZATIONNAME = "Sophie Novak";
				TargetAttributes = {
					EA54AED32035C3750000E1AF = {
						CreatedOnToolsVersion = 9.1;
						ProvisioningStyle = Automatic;
					};
					EA54AEEA2035C3750000E1AF = {
						CreatedOnToolsVersion = 9.1;
						ProvisioningStyle = Automatic;
						TestTargetID = EA54AED32035C3750000E1AF;
					};
					EA54AEF52035C3750000E1AF = {
						CreatedOnToolsVersion = 9.1;
						ProvisioningStyle = Automatic;
						TestTargetID = EA54AED32035C3750000E1AF;
					};
				};
			};
			buildConfigurationList = EA54AECF2035C3750000E1AF /* Build configuration list for PBXProject "EYST" */;
			compatibilityVersion = "Xcode 8.0";
			developmentRegion = en;
			hasScannedForEncodings = 0;
			knownRegions = (
				en,
				Base,
			);
			mainGroup = EA54AECB2035C3750000E1AF;
			productRefGroup = EA54AED52035C3750000E1AF /* Products */;
			projectDirPath = "";
			projectRoot = "";
			targets = (
				EA54AED32035C3750000E1AF /* EYST */,
				EA54AEEA2035C3750000E1AF /* EYSTTests */,
				EA54AEF52035C3750000E1AF /* EYSTUITests */,
			);
		};
/* End PBXProject section */

/* Begin PBXResourcesBuildPhase section */
		EA54AED22035C3750000E1AF /* Resources */ = {
			isa = PBXResourcesBuildPhase;
			buildActionMask = 2147483647;
			files = (
				EA54AEE52035C3750000E1AF /* LaunchScreen.storyboard in Resources */,
				EA54AEE22035C3750000E1AF /* Assets.xcassets in Resources */,
				EA54AEDD2035C3750000E1AF /* Main.storyboard in Resources */,
			);
			runOnlyForDeploymentPostprocessing = 0;
		};
		EA54AEE92035C3750000E1AF /* Resources */ = {
			isa = PBXResourcesBuildPhase;
			buildActionMask = 2147483647;
			files = (
			);
			runOnlyForDeploymentPostprocessing = 0;
		};
		EA54AEF42035C3750000E1AF /* Resources */ = {
			isa = PBXResourcesBuildPhase;
			buildActionMask = 2147483647;
			files = (
			);
			runOnlyForDeploymentPostprocessing = 0;
		};
/* End PBXResourcesBuildPhase section */

/* Begin PBXSourcesBuildPhase section */
		EA54AED02035C3750000E1AF /* Sources */ = {
			isa = PBXSourcesBuildPhase;
			buildActionMask = 2147483647;
			files = (
				EA963CAF206BB95A008E1731 /* ContactUs+CoreDataClass.swift in Sources */,
				EA963C94206A5BE3008E1731 /* CalendarViewController.swift in Sources */,
				EA963CA4206ADDD9008E1731 /* UserNotes+CoreDataProperties.swift in Sources */,
				EA54AF092035CAC30000E1AF /* NotesViewController.swift in Sources */,
				EA54AEE02035C3750000E1AF /* EYST.xcdatamodeld in Sources */,
				EA963CA6206ADF2D008E1731 /* ReadNotesViewController.swift in Sources */,
				EA963CA8206BB39F008E1731 /* ContactViewController.swift in Sources */,
				EA54AEDA2035C3750000E1AF /* ViewController.swift in Sources */,
				EA963CA3206ADDD9008E1731 /* UserNotes+CoreDataClass.swift in Sources */,
				EA54AED82035C3750000E1AF /* AppDelegate.swift in Sources */,
				EA963CB0206BB95A008E1731 /* ContactUs+CoreDataProperties.swift in Sources */,
			);
			runOnlyForDeploymentPostprocessing = 0;
		};
		EA54AEE72035C3750000E1AF /* Sources */ = {
			isa = PBXSourcesBuildPhase;
			buildActionMask = 2147483647;
			files = (
				EA54AEF02035C3750000E1AF /* EYSTTests.swift in Sources */,
			);
			runOnlyForDeploymentPostprocessing = 0;
		};
		EA54AEF22035C3750000E1AF /* Sources */ = {
			isa = PBXSourcesBuildPhase;
			buildActionMask = 2147483647;
			files = (
				EA54AEFB2035C3750000E1AF /* EYSTUITests.swift in Sources */,
			);
			runOnlyForDeploymentPostprocessing = 0;
		};
/* End PBXSourcesBuildPhase section */

/* Begin PBXTargetDependency section */
		EA54AEED2035C3750000E1AF /* PBXTargetDependency */ = {
			isa = PBXTargetDependency;
			target = EA54AED32035C3750000E1AF /* EYST */;
			targetProxy = EA54AEEC2035C3750000E1AF /* PBXContainerItemProxy */;
		};
		EA54AEF82035C3750000E1AF /* PBXTargetDependency */ = {
			isa = PBXTargetDependency;
			target = EA54AED32035C3750000E1AF /* EYST */;
			targetProxy = EA54AEF72035C3750000E1AF /* PBXContainerItemProxy */;
		};
/* End PBXTargetDependency section */

/* Begin PBXVariantGroup section */
		EA54AEDB2035C3750000E1AF /* Main.storyboard */ = {
			isa = PBXVariantGroup;
			children = (
				EA54AEDC2035C3750000E1AF /* Base */,
			);
			name = Main.storyboard;
			sourceTree = "<group>";
		};
		EA54AEE32035C3750000E1AF /* LaunchScreen.storyboard */ = {
			isa = PBXVariantGroup;
			children = (
				EA54AEE42035C3750000E1AF /* Base */,
			);
			name = LaunchScreen.storyboard;
			sourceTree = "<group>";
		};
/* End PBXVariantGroup section */

/* Begin XCBuildConfiguration section */
		EA54AEFD2035C3750000E1AF /* Debug */ = {
			isa = XCBuildConfiguration;
			buildSettings = {
				ALWAYS_SEARCH_USER_PATHS = NO;
				CLANG_ANALYZER_NONNULL = YES;
				CLANG_ANALYZER_NUMBER_OBJECT_CONVERSION = YES_AGGRESSIVE;
				CLANG_CXX_LANGUAGE_STANDARD = "gnu++14";
				CLANG_CXX_LIBRARY = "libc++";
				CLANG_ENABLE_MODULES = YES;
				CLANG_ENABLE_OBJC_ARC = YES;
				CLANG_WARN_BLOCK_CAPTURE_AUTORELEASING = YES;
				CLANG_WARN_BOOL_CONVERSION = YES;
				CLANG_WARN_COMMA = YES;
				CLANG_WARN_CONSTANT_CONVERSION = YES;
				CLANG_WARN_DIRECT_OBJC_ISA_USAGE = YES_ERROR;
				CLANG_WARN_DOCUMENTATION_COMMENTS = YES;
				CLANG_WARN_EMPTY_BODY = YES;
				CLANG_WARN_ENUM_CONVERSION = YES;
				CLANG_WARN_INFINITE_RECURSION = YES;
				CLANG_WARN_INT_CONVERSION = YES;
				CLANG_WARN_NON_LITERAL_NULL_CONVERSION = YES;
				CLANG_WARN_OBJC_LITERAL_CONVERSION = YES;
				CLANG_WARN_OBJC_ROOT_CLASS = YES_ERROR;
				CLANG_WARN_RANGE_LOOP_ANALYSIS = YES;
				CLANG_WARN_STRICT_PROTOTYPES = YES;
				CLANG_WARN_SUSPICIOUS_MOVE = YES;
				CLANG_WARN_UNGUARDED_AVAILABILITY = YES_AGGRESSIVE;
				CLANG_WARN_UNREACHABLE_CODE = YES;
				CLANG_WARN__DUPLICATE_METHOD_MATCH = YES;
				CODE_SIGN_IDENTITY = "iPhone Developer";
				COPY_PHASE_STRIP = NO;
				DEBUG_INFORMATION_FORMAT = dwarf;
				ENABLE_STRICT_OBJC_MSGSEND = YES;
				ENABLE_TESTABILITY = YES;
				GCC_C_LANGUAGE_STANDARD = gnu11;
				GCC_DYNAMIC_NO_PIC = NO;
				GCC_NO_COMMON_BLOCKS = YES;
				GCC_OPTIMIZATION_LEVEL = 0;
				GCC_PREPROCESSOR_DEFINITIONS = (
					"DEBUG=1",
					"$(inherited)",
				);
				GCC_WARN_64_TO_32_BIT_CONVERSION = YES;
				GCC_WARN_ABOUT_RETURN_TYPE = YES_ERROR;
				GCC_WARN_UNDECLARED_SELECTOR = YES;
				GCC_WARN_UNINITIALIZED_AUTOS = YES_AGGRESSIVE;
				GCC_WARN_UNUSED_FUNCTION = YES;
				GCC_WARN_UNUSED_VARIABLE = YES;
				IPHONEOS_DEPLOYMENT_TARGET = 11.1;
				MTL_ENABLE_DEBUG_INFO = YES;
				ONLY_ACTIVE_ARCH = YES;
				SDKROOT = iphoneos;
				SWIFT_ACTIVE_COMPILATION_CONDITIONS = DEBUG;
				SWIFT_OPTIMIZATION_LEVEL = "-Onone";
			};
			name = Debug;
		};
		EA54AEFE2035C3750000E1AF /* Release */ = {
			isa = XCBuildConfiguration;
			buildSettings = {
				ALWAYS_SEARCH_USER_PATHS = NO;
				CLANG_ANALYZER_NONNULL = YES;
				CLANG_ANALYZER_NUMBER_OBJECT_CONVERSION = YES_AGGRESSIVE;
				CLANG_CXX_LANGUAGE_STANDARD = "gnu++14";
				CLANG_CXX_LIBRARY = "libc++";
				CLANG_ENABLE_MODULES = YES;
				CLANG_ENABLE_OBJC_ARC = YES;
				CLANG_WARN_BLOCK_CAPTURE_AUTORELEASING = YES;
				CLANG_WARN_BOOL_CONVERSION = YES;
				CLANG_WARN_COMMA = YES;
				CLANG_WARN_CONSTANT_CONVERSION = YES;
				CLANG_WARN_DIRECT_OBJC_ISA_USAGE = YES_ERROR;
				CLANG_WARN_DOCUMENTATION_COMMENTS = YES;
				CLANG_WARN_EMPTY_BODY = YES;
				CLANG_WARN_ENUM_CONVERSION = YES;
				CLANG_WARN_INFINITE_RECURSION = YES;
				CLANG_WARN_INT_CONVERSION = YES;
				CLANG_WARN_NON_LITERAL_NULL_CONVERSION = YES;
				CLANG_WARN_OBJC_LITERAL_CONVERSION = YES;
				CLANG_WARN_OBJC_ROOT_CLASS = YES_ERROR;
				CLANG_WARN_RANGE_LOOP_ANALYSIS = YES;
				CLANG_WARN_STRICT_PROTOTYPES = YES;
				CLANG_WARN_SUSPICIOUS_MOVE = YES;
				CLANG_WARN_UNGUARDED_AVAILABILITY = YES_AGGRESSIVE;
				CLANG_WARN_UNREACHABLE_CODE = YES;
				CLANG_WARN__DUPLICATE_METHOD_MATCH = YES;
				CODE_SIGN_IDENTITY = "iPhone Developer";
				COPY_PHASE_STRIP = NO;
				DEBUG_INFORMATION_FORMAT = "dwarf-with-dsym";
				ENABLE_NS_ASSERTIONS = NO;
				ENABLE_STRICT_OBJC_MSGSEND = YES;
				GCC_C_LANGUAGE_STANDARD = gnu11;
				GCC_NO_COMMON_BLOCKS = YES;
				GCC_WARN_64_TO_32_BIT_CONVERSION = YES;
				GCC_WARN_ABOUT_RETURN_TYPE = YES_ERROR;
				GCC_WARN_UNDECLARED_SELECTOR = YES;
				GCC_WARN_UNINITIALIZED_AUTOS = YES_AGGRESSIVE;
				GCC_WARN_UNUSED_FUNCTION = YES;
				GCC_WARN_UNUSED_VARIABLE = YES;
				IPHONEOS_DEPLOYMENT_TARGET = 11.1;
				MTL_ENABLE_DEBUG_INFO = NO;
				SDKROOT = iphoneos;
				SWIFT_OPTIMIZATION_LEVEL = "-Owholemodule";
				VALIDATE_PRODUCT = YES;
			};
			name = Release;
		};
		EA54AF002035C3750000E1AF /* Debug */ = {
			isa = XCBuildConfiguration;
			buildSettings = {
				ASSETCATALOG_COMPILER_APPICON_NAME = AppIcon;
				CODE_SIGN_STYLE = Automatic;
				INFOPLIST_FILE = EYST/Info.plist;
				LD_RUNPATH_SEARCH_PATHS = "$(inherited) @executable_path/Frameworks";
				PRODUCT_BUNDLE_IDENTIFIER = sophienovak.EYST;
				PRODUCT_NAME = "$(TARGET_NAME)";
				SWIFT_VERSION = 4.0;
				TARGETED_DEVICE_FAMILY = "1,2";
			};
			name = Debug;
		};
		EA54AF012035C3750000E1AF /* Release */ = {
			isa = XCBuildConfiguration;
			buildSettings = {
				ASSETCATALOG_COMPILER_APPICON_NAME = AppIcon;
				CODE_SIGN_STYLE = Automatic;
				INFOPLIST_FILE = EYST/Info.plist;
				LD_RUNPATH_SEARCH_PATHS = "$(inherited) @executable_path/Frameworks";
				PRODUCT_BUNDLE_IDENTIFIER = sophienovak.EYST;
				PRODUCT_NAME = "$(TARGET_NAME)";
				SWIFT_VERSION = 4.0;
				TARGETED_DEVICE_FAMILY = "1,2";
			};
			name = Release;
		};
		EA54AF032035C3750000E1AF /* Debug */ = {
			isa = XCBuildConfiguration;
			buildSettings = {
				ALWAYS_EMBED_SWIFT_STANDARD_LIBRARIES = YES;
				BUNDLE_LOADER = "$(TEST_HOST)";
				CODE_SIGN_STYLE = Automatic;
				INFOPLIST_FILE = EYSTTests/Info.plist;
				LD_RUNPATH_SEARCH_PATHS = "$(inherited) @executable_path/Frameworks @loader_path/Frameworks";
				PRODUCT_BUNDLE_IDENTIFIER = sophienovak.EYSTTests;
				PRODUCT_NAME = "$(TARGET_NAME)";
				SWIFT_VERSION = 4.0;
				TARGETED_DEVICE_FAMILY = "1,2";
				TEST_HOST = "$(BUILT_PRODUCTS_DIR)/EYST.app/EYST";
			};
			name = Debug;
		};
		EA54AF042035C3750000E1AF /* Release */ = {
			isa = XCBuildConfiguration;
			buildSettings = {
				ALWAYS_EMBED_SWIFT_STANDARD_LIBRARIES = YES;
				BUNDLE_LOADER = "$(TEST_HOST)";
				CODE_SIGN_STYLE = Automatic;
				INFOPLIST_FILE = EYSTTests/Info.plist;
				LD_RUNPATH_SEARCH_PATHS = "$(inherited) @executable_path/Frameworks @loader_path/Frameworks";
				PRODUCT_BUNDLE_IDENTIFIER = sophienovak.EYSTTests;
				PRODUCT_NAME = "$(TARGET_NAME)";
				SWIFT_VERSION = 4.0;
				TARGETED_DEVICE_FAMILY = "1,2";
				TEST_HOST = "$(BUILT_PRODUCTS_DIR)/EYST.app/EYST";
			};
			name = Release;
		};
		EA54AF062035C3750000E1AF /* Debug */ = {
			isa = XCBuildConfiguration;
			buildSettings = {
				ALWAYS_EMBED_SWIFT_STANDARD_LIBRARIES = YES;
				CODE_SIGN_STYLE = Automatic;
				INFOPLIST_FILE = EYSTUITests/Info.plist;
				LD_RUNPATH_SEARCH_PATHS = "$(inherited) @executable_path/Frameworks @loader_path/Frameworks";
				PRODUCT_BUNDLE_IDENTIFIER = sophienovak.EYSTUITests;
				PRODUCT_NAME = "$(TARGET_NAME)";
				SWIFT_VERSION = 4.0;
				TARGETED_DEVICE_FAMILY = "1,2";
				TEST_TARGET_NAME = EYST;
			};
			name = Debug;
		};
		EA54AF072035C3750000E1AF /* Release */ = {
			isa = XCBuildConfiguration;
			buildSettings = {
				ALWAYS_EMBED_SWIFT_STANDARD_LIBRARIES = YES;
				CODE_SIGN_STYLE = Automatic;
				INFOPLIST_FILE = EYSTUITests/Info.plist;
				LD_RUNPATH_SEARCH_PATHS = "$(inherited) @executable_path/Frameworks @loader_path/Frameworks";
				PRODUCT_BUNDLE_IDENTIFIER = sophienovak.EYSTUITests;
				PRODUCT_NAME = "$(TARGET_NAME)";
				SWIFT_VERSION = 4.0;
				TARGETED_DEVICE_FAMILY = "1,2";
				TEST_TARGET_NAME = EYST;
			};
			name = Release;
		};
/* End XCBuildConfiguration section */

/* Begin XCConfigurationList section */
		EA54AECF2035C3750000E1AF /* Build configuration list for PBXProject "EYST" */ = {
			isa = XCConfigurationList;
			buildConfigurations = (
				EA54AEFD2035C3750000E1AF /* Debug */,
				EA54AEFE2035C3750000E1AF /* Release */,
			);
			defaultConfigurationIsVisible = 0;
			defaultConfigurationName = Release;
		};
		EA54AEFF2035C3750000E1AF /* Build configuration list for PBXNativeTarget "EYST" */ = {
			isa = XCConfigurationList;
			buildConfigurations = (
				EA54AF002035C3750000E1AF /* Debug */,
				EA54AF012035C3750000E1AF /* Release */,
			);
			defaultConfigurationIsVisible = 0;
			defaultConfigurationName = Release;
		};
		EA54AF022035C3750000E1AF /* Build configuration list for PBXNativeTarget "EYSTTests" */ = {
			isa = XCConfigurationList;
			buildConfigurations = (
				EA54AF032035C3750000E1AF /* Debug */,
				EA54AF042035C3750000E1AF /* Release */,
			);
			defaultConfigurationIsVisible = 0;
			defaultConfigurationName = Release;
		};
		EA54AF052035C3750000E1AF /* Build configuration list for PBXNativeTarget "EYSTUITests" */ = {
			isa = XCConfigurationList;
			buildConfigurations = (
				EA54AF062035C3750000E1AF /* Debug */,
				EA54AF072035C3750000E1AF /* Release */,
			);
			defaultConfigurationIsVisible = 0;
			defaultConfigurationName = Release;
		};
/* End XCConfigurationList section */

/* Begin XCVersionGroup section */
		EA54AEDE2035C3750000E1AF /* EYST.xcdatamodeld */ = {
			isa = XCVersionGroup;
			children = (
				EA54AEDF2035C3750000E1AF /* EYST.xcdatamodel */,
			);
			currentVersion = EA54AEDF2035C3750000E1AF /* EYST.xcdatamodel */;
			path = EYST.xcdatamodeld;
			sourceTree = "<group>";
			versionGroupType = wrapper.xcdatamodel;
		};
/* End XCVersionGroup section */
	};
	rootObject = EA54AECC2035C3750000E1AF /* Project object */;
}
